# This file was autogenerated by Stack.
# You should not edit this file by hand.
# For more information, please see the documentation at:
#   https://docs.haskellstack.org/en/stable/lock_files

packages:
- completed:
    cabal-file:
      size: 1826
      sha256: c9471ec7459e96377cace9f8b3ef0cad77c402b88e74e0fbf5d9efc50cea25dd
    name: ehs
    version: 0.1.0.0
    git: https://github.com/mayerph/ehs.git
    pantry-tree:
      size: 1985
      sha256: 5e1a43cd6348782c9bcaac5baa0a7ad40d09e915fb73320334e1b8c23e5ffe58
    commit: db43629ad40bb297c6b8414036e23fd88ecd5280
  original:
    git: https://github.com/mayerph/ehs.git
    commit: db43629ad40bb297c6b8414036e23fd88ecd5280
snapshots:
- completed:
    size: 532377
    url: https://raw.githubusercontent.com/commercialhaskell/stackage-snapshots/master/lts/16/12.yaml
    sha256: f914cfa23fef85bdf895e300a8234d9d0edc2dbec67f4bc9c53f85867c50eab6
  original: lts-16.12
