# This file was autogenerated by Stack.
# You should not edit this file by hand.
# For more information, please see the documentation at:
#   https://docs.haskellstack.org/en/stable/lock_files

packages:
- completed:
    cabal-file:
      size: 1826
      sha256: c9471ec7459e96377cace9f8b3ef0cad77c402b88e74e0fbf5d9efc50cea25dd
    name: ehs
    version: 0.1.0.0
    git: https://github.com/mayerph/ehs.git
    pantry-tree:
      size: 2054
      sha256: 95518ccfd31e447b5b1de54caaa9453876a2fadcd1bd80af732073349cf352f1
    commit: 2397f78e157b93f634a87e52fd00c6c7df7be9df
  original:
    git: https://github.com/mayerph/ehs.git
    commit: 2397f78e157b93f634a87e52fd00c6c7df7be9df
snapshots:
- completed:
    size: 532377
    url: https://raw.githubusercontent.com/commercialhaskell/stackage-snapshots/master/lts/16/12.yaml
    sha256: f914cfa23fef85bdf895e300a8234d9d0edc2dbec67f4bc9c53f85867c50eab6
  original: lts-16.12
